{
  "originHash" : "da1ac025275e08d3ccaf094d6749dcb18245bc65bdf460dd66ab17bce418293d",
  "pins" : [
    {
      "identity" : "kingfisher",
      "kind" : "remoteSourceControl",
      "location" : "https://github.com/onevcat/Kingfisher",
      "state" : {
        "revision" : "2ef543ee21d63734e1c004ad6c870255e8716c50",
        "version" : "7.12.0"
      }
    },
    {
      "identity" : "reusable",
      "kind" : "remoteSourceControl",
      "location" : "https://github.com/AliSoftware/Reusable",
      "state" : {
        "revision" : "18674709421360e210c2ecd4e8e08b217d4ea61d",
        "version" : "4.1.2"
      }
    },
    {
      "identity" : "snapkit",
      "kind" : "remoteSourceControl",
      "location" : "https://github.com/SnapKit/SnapKit",
      "state" : {
        "revision" : "2842e6e84e82eb9a8dac0100ca90d9444b0307f4",
        "version" : "5.7.1"
      }
    }
  ],
  "version" : 3
}
